
Microsoft Visual Studio Solution File, Format Version 12.00
# Visual Studio Version 17
VisualStudioVersion = 17.1.32407.343
MinimumVisualStudioVersion = 10.0.40219.1
Project("{FAE04EC0-301F-11D3-BF4B-00C04F79EFBC}") = "CoreMVC_SignalR_Chat", "CoreMVC_SignalR_Chat\CoreMVC_SignalR_Chat.csproj", "{F849095B-8099-42B2-9B3A-2300B1E69D47}"
EndProject
Global
	GlobalSection(SolutionConfigurationPlatforms) = preSolution
		Debug|Any CPU = Debug|Any CPU
		Release|Any CPU = Release|Any CPU
	EndGlobalSection
	GlobalSection(ProjectConfigurationPlatforms) = postSolution
		{F849095B-8099-42B2-9B3A-2300B1E69D47}.Debug|Any CPU.ActiveCfg = Debug|Any CPU
		{F849095B-8099-42B2-9B3A-2300B1E69D47}.Debug|Any CPU.Build.0 = Debug|Any CPU
		{F849095B-8099-42B2-9B3A-2300B1E69D47}.Release|Any CPU.ActiveCfg = Release|Any CPU
		{F849095B-8099-42B2-9B3A-2300B1E69D47}.Release|Any CPU.Build.0 = Release|Any CPU
	EndGlobalSection
	GlobalSection(SolutionProperties) = preSolution
		HideSolutionNode = FALSE
	EndGlobalSection
	GlobalSection(ExtensibilityGlobals) = postSolution
		SolutionGuid = {A4F0BC8D-2274-421F-8E74-186E5C6A06DD}
	EndGlobalSection
EndGlobal
